// !$*UTF8*$!
{
	archiveVersion = 1;
	classes = {
	};
	objectVersion = 77;
	objects = {

/* Begin PBXBuildFile section */
		1A3BB82088B2BFF723EC808B /* Assets.xcassets in Resources */ = {isa = PBXBuildFile; fileRef = F4532E3D088626DD0EA45544 /* Assets.xcassets */; };
		598B5D6383097635CA98E872 /* FeedTrackerCore in Frameworks */ = {isa = PBXBuildFile; productRef = 79E95D4386CB2739694997BF /* FeedTrackerCore */; };
		5AF8DF3EAC645D4EB0C58887 /* FeedTrackerApp.swift in Sources */ = {isa = PBXBuildFile; fileRef = 04E38D7276AA77212BE91AA3 /* FeedTrackerApp.swift */; };
		80C0FFB1FB9AA2172220E602 /* FeedTrackerCore in Frameworks */ = {isa = PBXBuildFile; productRef = 4E9622CF843E4D5E5BD32AE3 /* FeedTrackerCore */; };
		8424615CAA24E7821DFC88F6 /* FeedTrackerLiveActivityWidget.swift in Sources */ = {isa = PBXBuildFile; fileRef = 7693EE64399C604A331988C6 /* FeedTrackerLiveActivityWidget.swift */; };
		BEBC38355E98D0C9979E9895 /* FeedTrackerLiveActivityWidgetExtension.appex in Embed Foundation Extensions */ = {isa = PBXBuildFile; fileRef = ECA8BD98DE0EA5BF030F5A9E /* FeedTrackerLiveActivityWidgetExtension.appex */; settings = {ATTRIBUTES = (RemoveHeadersOnCopy, ); }; };
/* End PBXBuildFile section */

/* Begin PBXContainerItemProxy section */
		083586455D585ACD7708BF2F /* PBXContainerItemProxy */ = {
			isa = PBXContainerItemProxy;
			containerPortal = 135C9E9911663FBF92FBFA77 /* Project object */;
			proxyType = 1;
			remoteGlobalIDString = 1964F1F97D1930409B11E0D3;
			remoteInfo = FeedTrackerLiveActivityWidgetExtension;
		};
/* End PBXContainerItemProxy section */

/* Begin PBXCopyFilesBuildPhase section */
		06603D7AD65FA8FFD1682A06 /* Embed Foundation Extensions */ = {
			isa = PBXCopyFilesBuildPhase;
			buildActionMask = 2147483647;
			dstPath = "";
			dstSubfolderSpec = 13;
			files = (
				BEBC38355E98D0C9979E9895 /* FeedTrackerLiveActivityWidgetExtension.appex in Embed Foundation Extensions */,
			);
			name = "Embed Foundation Extensions";
			runOnlyForDeploymentPostprocessing = 0;
		};
/* End PBXCopyFilesBuildPhase section */

/* Begin PBXFileReference section */
		04E38D7276AA77212BE91AA3 /* FeedTrackerApp.swift */ = {isa = PBXFileReference; lastKnownFileType = sourcecode.swift; path = FeedTrackerApp.swift; sourceTree = "<group>"; };
		0D25A00D10CEAA8833BE6C8A /* FeedTracker.app */ = {isa = PBXFileReference; includeInIndex = 0; lastKnownFileType = wrapper.application; path = FeedTracker.app; sourceTree = BUILT_PRODUCTS_DIR; };
		0F568BCADE1EBB396D967108 /* feed-tracker */ = {isa = PBXFileReference; lastKnownFileType = folder; name = "feed-tracker"; path = .; sourceTree = SOURCE_ROOT; };
		3E115FBA52DA4CF25106AA57 /* Info.plist */ = {isa = PBXFileReference; lastKnownFileType = text.plist; path = Info.plist; sourceTree = "<group>"; };
		7693EE64399C604A331988C6 /* FeedTrackerLiveActivityWidget.swift */ = {isa = PBXFileReference; lastKnownFileType = sourcecode.swift; path = FeedTrackerLiveActivityWidget.swift; sourceTree = "<group>"; };
		ECA8BD98DE0EA5BF030F5A9E /* FeedTrackerLiveActivityWidgetExtension.appex */ = {isa = PBXFileReference; includeInIndex = 0; lastKnownFileType = "wrapper.app-extension"; path = FeedTrackerLiveActivityWidgetExtension.appex; sourceTree = BUILT_PRODUCTS_DIR; };
		F4532E3D088626DD0EA45544 /* Assets.xcassets */ = {isa = PBXFileReference; lastKnownFileType = folder.assetcatalog; path = Assets.xcassets; sourceTree = "<group>"; };
/* End PBXFileReference section */

/* Begin PBXFrameworksBuildPhase section */
		098DE8E960BED2E0F2955864 /* Frameworks */ = {
			isa = PBXFrameworksBuildPhase;
			buildActionMask = 2147483647;
			files = (
				80C0FFB1FB9AA2172220E602 /* FeedTrackerCore in Frameworks */,
			);
			runOnlyForDeploymentPostprocessing = 0;
		};
		09FA4B42C1C8582EE09494E8 /* Frameworks */ = {
			isa = PBXFrameworksBuildPhase;
			buildActionMask = 2147483647;
			files = (
				598B5D6383097635CA98E872 /* FeedTrackerCore in Frameworks */,
			);
			runOnlyForDeploymentPostprocessing = 0;
		};
/* End PBXFrameworksBuildPhase section */

/* Begin PBXGroup section */
		84DC881D3707D4A00329D785 /* LiveActivityWidgetExtension */ = {
			isa = PBXGroup;
			children = (
				7693EE64399C604A331988C6 /* FeedTrackerLiveActivityWidget.swift */,
				3E115FBA52DA4CF25106AA57 /* Info.plist */,
			);
			path = LiveActivityWidgetExtension;
			sourceTree = "<group>";
		};
		B54C7CD3A8649C0866B78852 = {
			isa = PBXGroup;
			children = (
				E291A974B52027C7F4536156 /* App */,
				84DC881D3707D4A00329D785 /* LiveActivityWidgetExtension */,
				FE95F05A7F3CAEAC8B03B2D9 /* Packages */,
				CAB0DCE622715978FAA09C1F /* Products */,
			);
			sourceTree = "<group>";
		};
		CAB0DCE622715978FAA09C1F /* Products */ = {
			isa = PBXGroup;
			children = (
				0D25A00D10CEAA8833BE6C8A /* FeedTracker.app */,
				ECA8BD98DE0EA5BF030F5A9E /* FeedTrackerLiveActivityWidgetExtension.appex */,
			);
			name = Products;
			sourceTree = "<group>";
		};
		E291A974B52027C7F4536156 /* App */ = {
			isa = PBXGroup;
			children = (
				F4532E3D088626DD0EA45544 /* Assets.xcassets */,
				04E38D7276AA77212BE91AA3 /* FeedTrackerApp.swift */,
			);
			path = App;
			sourceTree = "<group>";
		};
		FE95F05A7F3CAEAC8B03B2D9 /* Packages */ = {
			isa = PBXGroup;
			children = (
				0F568BCADE1EBB396D967108 /* feed-tracker */,
			);
			name = Packages;
			sourceTree = "<group>";
		};
/* End PBXGroup section */

/* Begin PBXNativeTarget section */
		1964F1F97D1930409B11E0D3 /* FeedTrackerLiveActivityWidgetExtension */ = {
			isa = PBXNativeTarget;
			buildConfigurationList = 084216520040DD4464E59E87 /* Build configuration list for PBXNativeTarget "FeedTrackerLiveActivityWidgetExtension" */;
			buildPhases = (
				27862DF80DF9481001AB72B5 /* Sources */,
				098DE8E960BED2E0F2955864 /* Frameworks */,
			);
			buildRules = (
			);
			dependencies = (
			);
			name = FeedTrackerLiveActivityWidgetExtension;
			packageProductDependencies = (
				4E9622CF843E4D5E5BD32AE3 /* FeedTrackerCore */,
			);
			productName = FeedTrackerLiveActivityWidgetExtension;
			productReference = ECA8BD98DE0EA5BF030F5A9E /* FeedTrackerLiveActivityWidgetExtension.appex */;
			productType = "com.apple.product-type.app-extension";
		};
		2171469B6E9F1601481FBBC1 /* FeedTracker */ = {
			isa = PBXNativeTarget;
			buildConfigurationList = 72F06A9EAE1ECEC0A158E6D3 /* Build configuration list for PBXNativeTarget "FeedTracker" */;
			buildPhases = (
				59CD91EA8FC66FB80B6C9CDE /* Sources */,
				5AF7F4332CA4D1A87D9D9526 /* Resources */,
				09FA4B42C1C8582EE09494E8 /* Frameworks */,
				06603D7AD65FA8FFD1682A06 /* Embed Foundation Extensions */,
			);
			buildRules = (
			);
			dependencies = (
				CDD2B235AC470E3F08F11797 /* PBXTargetDependency */,
			);
			name = FeedTracker;
			packageProductDependencies = (
				79E95D4386CB2739694997BF /* FeedTrackerCore */,
			);
			productName = FeedTracker;
			productReference = 0D25A00D10CEAA8833BE6C8A /* FeedTracker.app */;
			productType = "com.apple.product-type.application";
		};
/* End PBXNativeTarget section */

/* Begin PBXProject section */
		135C9E9911663FBF92FBFA77 /* Project object */ = {
			isa = PBXProject;
			attributes = {
				BuildIndependentTargetsInParallel = YES;
				LastUpgradeCheck = 1430;
				TargetAttributes = {
					1964F1F97D1930409B11E0D3 = {
						ProvisioningStyle = Automatic;
					};
					2171469B6E9F1601481FBBC1 = {
						ProvisioningStyle = Automatic;
					};
				};
			};
			buildConfigurationList = 46D7AD80F65929BEEB5FE297 /* Build configuration list for PBXProject "FeedTracker" */;
			compatibilityVersion = "Xcode 14.0";
			developmentRegion = en;
			hasScannedForEncodings = 0;
			knownRegions = (
				Base,
				en,
			);
			mainGroup = B54C7CD3A8649C0866B78852;
			minimizedProjectReferenceProxies = 1;
			packageReferences = (
				F150082E4B67549342F80D2B /* XCLocalSwiftPackageReference "." */,
			);
			preferredProjectObjectVersion = 77;
			projectDirPath = "";
			projectRoot = "";
			targets = (
				2171469B6E9F1601481FBBC1 /* FeedTracker */,
				1964F1F97D1930409B11E0D3 /* FeedTrackerLiveActivityWidgetExtension */,
			);
		};
/* End PBXProject section */

/* Begin PBXResourcesBuildPhase section */
		5AF7F4332CA4D1A87D9D9526 /* Resources */ = {
			isa = PBXResourcesBuildPhase;
			buildActionMask = 2147483647;
			files = (
				1A3BB82088B2BFF723EC808B /* Assets.xcassets in Resources */,
			);
			runOnlyForDeploymentPostprocessing = 0;
		};
/* End PBXResourcesBuildPhase section */

/* Begin PBXSourcesBuildPhase section */
		27862DF80DF9481001AB72B5 /* Sources */ = {
			isa = PBXSourcesBuildPhase;
			buildActionMask = 2147483647;
			files = (
				8424615CAA24E7821DFC88F6 /* FeedTrackerLiveActivityWidget.swift in Sources */,
			);
			runOnlyForDeploymentPostprocessing = 0;
		};
		59CD91EA8FC66FB80B6C9CDE /* Sources */ = {
			isa = PBXSourcesBuildPhase;
			buildActionMask = 2147483647;
			files = (
				5AF8DF3EAC645D4EB0C58887 /* FeedTrackerApp.swift in Sources */,
			);
			runOnlyForDeploymentPostprocessing = 0;
		};
/* End PBXSourcesBuildPhase section */

/* Begin PBXTargetDependency section */
		CDD2B235AC470E3F08F11797 /* PBXTargetDependency */ = {
			isa = PBXTargetDependency;
			target = 1964F1F97D1930409B11E0D3 /* FeedTrackerLiveActivityWidgetExtension */;
			targetProxy = 083586455D585ACD7708BF2F /* PBXContainerItemProxy */;
		};
/* End PBXTargetDependency section */

/* Begin XCBuildConfiguration section */
		0095E7605C4981EC325319D6 /* Debug */ = {
			isa = XCBuildConfiguration;
			buildSettings = {
				ALWAYS_SEARCH_USER_PATHS = NO;
				CLANG_ANALYZER_NONNULL = YES;
				CLANG_ANALYZER_NUMBER_OBJECT_CONVERSION = YES_AGGRESSIVE;
				CLANG_CXX_LANGUAGE_STANDARD = "gnu++14";
				CLANG_CXX_LIBRARY = "libc++";
				CLANG_ENABLE_MODULES = YES;
				CLANG_ENABLE_OBJC_ARC = YES;
				CLANG_ENABLE_OBJC_WEAK = YES;
				CLANG_WARN_BLOCK_CAPTURE_AUTORELEASING = YES;
				CLANG_WARN_BOOL_CONVERSION = YES;
				CLANG_WARN_COMMA = YES;
				CLANG_WARN_CONSTANT_CONVERSION = YES;
				CLANG_WARN_DEPRECATED_OBJC_IMPLEMENTATIONS = YES;
				CLANG_WARN_DIRECT_OBJC_ISA_USAGE = YES_ERROR;
				CLANG_WARN_DOCUMENTATION_COMMENTS = YES;
				CLANG_WARN_EMPTY_BODY = YES;
				CLANG_WARN_ENUM_CONVERSION = YES;
				CLANG_WARN_INFINITE_RECURSION = YES;
				CLANG_WARN_INT_CONVERSION = YES;
				CLANG_WARN_NON_LITERAL_NULL_CONVERSION = YES;
				CLANG_WARN_OBJC_IMPLICIT_RETAIN_SELF = YES;
				CLANG_WARN_OBJC_LITERAL_CONVERSION = YES;
				CLANG_WARN_OBJC_ROOT_CLASS = YES_ERROR;
				CLANG_WARN_QUOTED_INCLUDE_IN_FRAMEWORK_HEADER = YES;
				CLANG_WARN_RANGE_LOOP_ANALYSIS = YES;
				CLANG_WARN_STRICT_PROTOTYPES = YES;
				CLANG_WARN_SUSPICIOUS_MOVE = YES;
				CLANG_WARN_UNGUARDED_AVAILABILITY = YES_AGGRESSIVE;
				CLANG_WARN_UNREACHABLE_CODE = YES;
				CLANG_WARN__DUPLICATE_METHOD_MATCH = YES;
				COPY_PHASE_STRIP = NO;
				DEBUG_INFORMATION_FORMAT = dwarf;
				ENABLE_STRICT_OBJC_MSGSEND = YES;
				ENABLE_TESTABILITY = YES;
				GCC_C_LANGUAGE_STANDARD = gnu11;
				GCC_DYNAMIC_NO_PIC = NO;
				GCC_NO_COMMON_BLOCKS = YES;
				GCC_OPTIMIZATION_LEVEL = 0;
				GCC_PREPROCESSOR_DEFINITIONS = (
					"$(inherited)",
					"DEBUG=1",
				);
				GCC_WARN_64_TO_32_BIT_CONVERSION = YES;
				GCC_WARN_ABOUT_RETURN_TYPE = YES_ERROR;
				GCC_WARN_UNDECLARED_SELECTOR = YES;
				GCC_WARN_UNINITIALIZED_AUTOS = YES_AGGRESSIVE;
				GCC_WARN_UNUSED_FUNCTION = YES;
				GCC_WARN_UNUSED_VARIABLE = YES;
				IPHONEOS_DEPLOYMENT_TARGET = 17.0;
				MTL_ENABLE_DEBUG_INFO = INCLUDE_SOURCE;
				MTL_FAST_MATH = YES;
				ONLY_ACTIVE_ARCH = YES;
				PRODUCT_NAME = "$(TARGET_NAME)";
				SDKROOT = iphoneos;
				SWIFT_ACTIVE_COMPILATION_CONDITIONS = DEBUG;
				SWIFT_OPTIMIZATION_LEVEL = "-Onone";
				SWIFT_VERSION = 5.0;
			};
			name = Debug;
		};
		A1112DE59143582CF3FA7237 /* Release */ = {
			isa = XCBuildConfiguration;
			buildSettings = {
				ALWAYS_SEARCH_USER_PATHS = NO;
				CLANG_ANALYZER_NONNULL = YES;
				CLANG_ANALYZER_NUMBER_OBJECT_CONVERSION = YES_AGGRESSIVE;
				CLANG_CXX_LANGUAGE_STANDARD = "gnu++14";
				CLANG_CXX_LIBRARY = "libc++";
				CLANG_ENABLE_MODULES = YES;
				CLANG_ENABLE_OBJC_ARC = YES;
				CLANG_ENABLE_OBJC_WEAK = YES;
				CLANG_WARN_BLOCK_CAPTURE_AUTORELEASING = YES;
				CLANG_WARN_BOOL_CONVERSION = YES;
				CLANG_WARN_COMMA = YES;
				CLANG_WARN_CONSTANT_CONVERSION = YES;
				CLANG_WARN_DEPRECATED_OBJC_IMPLEMENTATIONS = YES;
				CLANG_WARN_DIRECT_OBJC_ISA_USAGE = YES_ERROR;
				CLANG_WARN_DOCUMENTATION_COMMENTS = YES;
				CLANG_WARN_EMPTY_BODY = YES;
				CLANG_WARN_ENUM_CONVERSION = YES;
				CLANG_WARN_INFINITE_RECURSION = YES;
				CLANG_WARN_INT_CONVERSION = YES;
				CLANG_WARN_NON_LITERAL_NULL_CONVERSION = YES;
				CLANG_WARN_OBJC_IMPLICIT_RETAIN_SELF = YES;
				CLANG_WARN_OBJC_LITERAL_CONVERSION = YES;
				CLANG_WARN_OBJC_ROOT_CLASS = YES_ERROR;
				CLANG_WARN_QUOTED_INCLUDE_IN_FRAMEWORK_HEADER = YES;
				CLANG_WARN_RANGE_LOOP_ANALYSIS = YES;
				CLANG_WARN_STRICT_PROTOTYPES = YES;
				CLANG_WARN_SUSPICIOUS_MOVE = YES;
				CLANG_WARN_UNGUARDED_AVAILABILITY = YES_AGGRESSIVE;
				CLANG_WARN_UNREACHABLE_CODE = YES;
				CLANG_WARN__DUPLICATE_METHOD_MATCH = YES;
				COPY_PHASE_STRIP = NO;
				DEBUG_INFORMATION_FORMAT = "dwarf-with-dsym";
				ENABLE_NS_ASSERTIONS = NO;
				ENABLE_STRICT_OBJC_MSGSEND = YES;
				GCC_C_LANGUAGE_STANDARD = gnu11;
				GCC_NO_COMMON_BLOCKS = YES;
				GCC_WARN_64_TO_32_BIT_CONVERSION = YES;
				GCC_WARN_ABOUT_RETURN_TYPE = YES_ERROR;
				GCC_WARN_UNDECLARED_SELECTOR = YES;
				GCC_WARN_UNINITIALIZED_AUTOS = YES_AGGRESSIVE;
				GCC_WARN_UNUSED_FUNCTION = YES;
				GCC_WARN_UNUSED_VARIABLE = YES;
				IPHONEOS_DEPLOYMENT_TARGET = 17.0;
				MTL_ENABLE_DEBUG_INFO = NO;
				MTL_FAST_MATH = YES;
				PRODUCT_NAME = "$(TARGET_NAME)";
				SDKROOT = iphoneos;
				SWIFT_COMPILATION_MODE = wholemodule;
				SWIFT_OPTIMIZATION_LEVEL = "-O";
				SWIFT_VERSION = 5.0;
			};
			name = Release;
		};
		C8CF2A7044DDCC7DD500751D /* Debug */ = {
			isa = XCBuildConfiguration;
			buildSettings = {
				APPLICATION_EXTENSION_API_ONLY = YES;
				CODE_SIGN_STYLE = Automatic;
				CURRENT_PROJECT_VERSION = 1;
				INFOPLIST_FILE = LiveActivityWidgetExtension/Info.plist;
				IPHONEOS_DEPLOYMENT_TARGET = 17.0;
				LD_RUNPATH_SEARCH_PATHS = (
					"$(inherited)",
					"@executable_path/Frameworks",
					"@executable_path/../../Frameworks",
				);
				MARKETING_VERSION = 0.1.0;
				PRODUCT_BUNDLE_IDENTIFIER = com.kiwilyc.feedtracker.LiveActivityWidgetExtension;
				SDKROOT = iphoneos;
				SWIFT_VERSION = 5.0;
				TARGETED_DEVICE_FAMILY = "1,2";
			};
			name = Debug;
		};
		D4C993BD53C555FC8D39C9AD /* Release */ = {
			isa = XCBuildConfiguration;
			buildSettings = {
				APPLICATION_EXTENSION_API_ONLY = YES;
				CODE_SIGN_STYLE = Automatic;
				CURRENT_PROJECT_VERSION = 1;
				INFOPLIST_FILE = LiveActivityWidgetExtension/Info.plist;
				IPHONEOS_DEPLOYMENT_TARGET = 17.0;
				LD_RUNPATH_SEARCH_PATHS = (
					"$(inherited)",
					"@executable_path/Frameworks",
					"@executable_path/../../Frameworks",
				);
				MARKETING_VERSION = 0.1.0;
				PRODUCT_BUNDLE_IDENTIFIER = com.kiwilyc.feedtracker.LiveActivityWidgetExtension;
				SDKROOT = iphoneos;
				SWIFT_VERSION = 5.0;
				TARGETED_DEVICE_FAMILY = "1,2";
			};
			name = Release;
		};
		D8AAB1DD9B2FA5830B632106 /* Release */ = {
			isa = XCBuildConfiguration;
			buildSettings = {
				ASSETCATALOG_COMPILER_APPICON_NAME = AppIcon;
				CODE_SIGN_IDENTITY = "iPhone Developer";
				CODE_SIGN_STYLE = Automatic;
				CURRENT_PROJECT_VERSION = 20260304073001;
				GENERATE_INFOPLIST_FILE = YES;
				INFOPLIST_KEY_CFBundleIconName = AppIcon;
				INFOPLIST_KEY_NSSupportsLiveActivities = YES;
				INFOPLIST_KEY_UIApplicationSceneManifest_Generation = YES;
				INFOPLIST_KEY_UILaunchScreen_Generation = YES;
				INFOPLIST_KEY_UISupportedInterfaceOrientations_iPad = "UIInterfaceOrientationPortrait UIInterfaceOrientationPortraitUpsideDown UIInterfaceOrientationLandscapeLeft UIInterfaceOrientationLandscapeRight";
				INFOPLIST_KEY_UISupportedInterfaceOrientations_iPhone = "UIInterfaceOrientationPortrait UIInterfaceOrientationLandscapeLeft UIInterfaceOrientationLandscapeRight";
				IPHONEOS_DEPLOYMENT_TARGET = 17.0;
				LD_RUNPATH_SEARCH_PATHS = (
					"$(inherited)",
					"@executable_path/Frameworks",
				);
				MARKETING_VERSION = 0.2.0;
				PRODUCT_BUNDLE_IDENTIFIER = com.kiwilyc.feedtracker;
				SDKROOT = iphoneos;
				SWIFT_VERSION = 5.0;
				TARGETED_DEVICE_FAMILY = "1,2";
			};
			name = Release;
		};
		E0445A0D6BCED797726C13F7 /* Debug */ = {
			isa = XCBuildConfiguration;
			buildSettings = {
				ASSETCATALOG_COMPILER_APPICON_NAME = AppIcon;
				CODE_SIGN_IDENTITY = "iPhone Developer";
				CODE_SIGN_STYLE = Automatic;
				CURRENT_PROJECT_VERSION = 20260304073001;
				GENERATE_INFOPLIST_FILE = YES;
				INFOPLIST_KEY_CFBundleIconName = AppIcon;
				INFOPLIST_KEY_NSSupportsLiveActivities = YES;
				INFOPLIST_KEY_UIApplicationSceneManifest_Generation = YES;
				INFOPLIST_KEY_UILaunchScreen_Generation = YES;
				INFOPLIST_KEY_UISupportedInterfaceOrientations_iPad = "UIInterfaceOrientationPortrait UIInterfaceOrientationPortraitUpsideDown UIInterfaceOrientationLandscapeLeft UIInterfaceOrientationLandscapeRight";
				INFOPLIST_KEY_UISupportedInterfaceOrientations_iPhone = "UIInterfaceOrientationPortrait UIInterfaceOrientationLandscapeLeft UIInterfaceOrientationLandscapeRight";
				IPHONEOS_DEPLOYMENT_TARGET = 17.0;
				LD_RUNPATH_SEARCH_PATHS = (
					"$(inherited)",
					"@executable_path/Frameworks",
				);
				MARKETING_VERSION = 0.2.0;
				PRODUCT_BUNDLE_IDENTIFIER = com.kiwilyc.feedtracker;
				SDKROOT = iphoneos;
				SWIFT_VERSION = 5.0;
				TARGETED_DEVICE_FAMILY = "1,2";
			};
			name = Debug;
		};
/* End XCBuildConfiguration section */

/* Begin XCConfigurationList section */
		084216520040DD4464E59E87 /* Build configuration list for PBXNativeTarget "FeedTrackerLiveActivityWidgetExtension" */ = {
			isa = XCConfigurationList;
			buildConfigurations = (
				C8CF2A7044DDCC7DD500751D /* Debug */,
				D4C993BD53C555FC8D39C9AD /* Release */,
			);
			defaultConfigurationIsVisible = 0;
			defaultConfigurationName = Debug;
		};
		46D7AD80F65929BEEB5FE297 /* Build configuration list for PBXProject "FeedTracker" */ = {
			isa = XCConfigurationList;
			buildConfigurations = (
				0095E7605C4981EC325319D6 /* Debug */,
				A1112DE59143582CF3FA7237 /* Release */,
			);
			defaultConfigurationIsVisible = 0;
			defaultConfigurationName = Debug;
		};
		72F06A9EAE1ECEC0A158E6D3 /* Build configuration list for PBXNativeTarget "FeedTracker" */ = {
			isa = XCConfigurationList;
			buildConfigurations = (
				E0445A0D6BCED797726C13F7 /* Debug */,
				D8AAB1DD9B2FA5830B632106 /* Release */,
			);
			defaultConfigurationIsVisible = 0;
			defaultConfigurationName = Debug;
		};
/* End XCConfigurationList section */

/* Begin XCLocalSwiftPackageReference section */
		F150082E4B67549342F80D2B /* XCLocalSwiftPackageReference "." */ = {
			isa = XCLocalSwiftPackageReference;
			relativePath = .;
		};
/* End XCLocalSwiftPackageReference section */

/* Begin XCSwiftPackageProductDependency section */
		4E9622CF843E4D5E5BD32AE3 /* FeedTrackerCore */ = {
			isa = XCSwiftPackageProductDependency;
			productName = FeedTrackerCore;
		};
		79E95D4386CB2739694997BF /* FeedTrackerCore */ = {
			isa = XCSwiftPackageProductDependency;
			productName = FeedTrackerCore;
		};
/* End XCSwiftPackageProductDependency section */
	};
	rootObject = 135C9E9911663FBF92FBFA77 /* Project object */;
}
